{
  "nodes": {
    "nixpkgs": {
      "locked": {
        "lastModified": 1734083684,
        "narHash": "sha256-5fNndbndxSx5d+C/D0p/VF32xDiJCJzyOqorOYW4JEo=",
        "rev": "314e12ba369ccdb9b352a4db26ff419f7c49fa84",
        "revCount": 711150,
        "type": "tarball",
        "url": "https://api.flakehub.com/f/pinned/NixOS/nixpkgs/0.2411.711150%2Brev-314e12ba369ccdb9b352a4db26ff419f7c49fa84/0193c701-367f-7052-bef0-8f30cc5e4be1/source.tar.gz"
      },
      "original": {
        "type": "tarball",
        "url": "https://flakehub.com/f/NixOS/nixpkgs/%2A"
      }
    },
    "root": {
      "inputs": {
        "nixpkgs": "nixpkgs"
      }
    }
  },
  "root": "root",
  "version": 7
}
